{
  "name": "builder",
  "lockfileVersion": 3,
  "requires": true,
  "packages": {
    "": {
      "dependencies": {
        "yaml": "^2.2.1"
      }
    },
    "node_modules/yaml": {
      "version": "2.2.1",
      "resolved": "https://registry.npmjs.org/yaml/-/yaml-2.2.1.tgz",
      "integrity": "sha512-e0WHiYql7+9wr4cWMx3TVQrNwejKaEe7/rHNmQmqRjazfOP5W8PB6Jpebb5o6fIapbz9o9+2ipcaTM2ZwDI6lw==",
      "engines": {
        "node": ">= 14"
      }
    }
  }
}
