{
  "name": "builder",
  "lockfileVersion": 2,
  "requires": true,
  "packages": {
    "": {
      "dependencies": {
        "yaml": "^2.1.0"
      }
    },
    "node_modules/yaml": {
      "version": "2.1.0",
      "resolved": "https://registry.npmjs.org/yaml/-/yaml-2.1.0.tgz",
      "integrity": "sha512-OuAINfTsoJrY5H7CBWnKZhX6nZciXBydrMtTHr1dC4nP40X5jyTIVlogZHxSlVZM8zSgXRfgZGsaHF4+pV+JRw==",
      "engines": {
        "node": ">= 14"
      }
    }
  },
  "dependencies": {
    "yaml": {
      "version": "2.1.0",
      "resolved": "https://registry.npmjs.org/yaml/-/yaml-2.1.0.tgz",
      "integrity": "sha512-OuAINfTsoJrY5H7CBWnKZhX6nZciXBydrMtTHr1dC4nP40X5jyTIVlogZHxSlVZM8zSgXRfgZGsaHF4+pV+JRw=="
    }
  }
}
